// !$*UTF8*$!
{
	archiveVersion = 1;
	classes = {
	};
	objectVersion = 46;
	objects = {

/* Begin PBXBuildFile section */
		0F448C7C171D326100E1CAFA /* RetainTester.m in Sources */ = {isa = PBXBuildFile; fileRef = 0F448C7B171D326100E1CAFA /* RetainTester.m */; };
		0F8E781D1720F1BC00761C47 /* NSString+NSStringCategory.m in Sources */ = {isa = PBXBuildFile; fileRef = 0F8E781C1720F1BC00761C47 /* NSString+NSStringCategory.m */; };
		0F96E74C171BA7B8002BB1E1 /* Foundation.framework in Frameworks */ = {isa = PBXBuildFile; fileRef = 0F96E74B171BA7B8002BB1E1 /* Foundation.framework */; };
		0F96E74F171BA7B8002BB1E1 /* main.m in Sources */ = {isa = PBXBuildFile; fileRef = 0F96E74E171BA7B8002BB1E1 /* main.m */; };
		0F96E753171BA7B8002BB1E1 /* notesForObjectiveC.1 in CopyFiles */ = {isa = PBXBuildFile; fileRef = 0F96E752171BA7B8002BB1E1 /* notesForObjectiveC.1 */; };
		0F96E760171BDAFD002BB1E1 /* TestClass.m in Sources */ = {isa = PBXBuildFile; fileRef = 0F96E75F171BDAFD002BB1E1 /* TestClass.m */; };
		0FA65D9217250006006B237F /* Student.m in Sources */ = {isa = PBXBuildFile; fileRef = 0FA65D9117250006006B237F /* Student.m */; };
		0FA65D96172501C9006B237F /* Student+Working.m in Sources */ = {isa = PBXBuildFile; fileRef = 0FA65D95172501C9006B237F /* Student+Working.m */; };
		0FA65D9917252716006B237F /* Person.m in Sources */ = {isa = PBXBuildFile; fileRef = 0FA65D9817252716006B237F /* Person.m */; };
		0FA65D9C17252809006B237F /* Teacher.m in Sources */ = {isa = PBXBuildFile; fileRef = 0FA65D9B17252809006B237F /* Teacher.m */; };
/* End PBXBuildFile section */

/* Begin PBXCopyFilesBuildPhase section */
		0F96E746171BA7B8002BB1E1 /* CopyFiles */ = {
			isa = PBXCopyFilesBuildPhase;
			buildActionMask = 2147483647;
			dstPath = /usr/share/man/man1/;
			dstSubfolderSpec = 0;
			files = (
				0F96E753171BA7B8002BB1E1 /* notesForObjectiveC.1 in CopyFiles */,
			);
			runOnlyForDeploymentPostprocessing = 1;
		};
/* End PBXCopyFilesBuildPhase section */

/* Begin PBXFileReference section */
		0F448C7A171D326100E1CAFA /* RetainTester.h */ = {isa = PBXFileReference; fileEncoding = 4; lastKnownFileType = sourcecode.c.h; path = RetainTester.h; sourceTree = "<group>"; };
		0F448C7B171D326100E1CAFA /* RetainTester.m */ = {isa = PBXFileReference; fileEncoding = 4; lastKnownFileType = sourcecode.c.objc; path = RetainTester.m; sourceTree = "<group>"; };
		0F8E781B1720F1BC00761C47 /* NSString+NSStringCategory.h */ = {isa = PBXFileReference; fileEncoding = 4; lastKnownFileType = sourcecode.c.h; path = "NSString+NSStringCategory.h"; sourceTree = "<group>"; };
		0F8E781C1720F1BC00761C47 /* NSString+NSStringCategory.m */ = {isa = PBXFileReference; fileEncoding = 4; lastKnownFileType = sourcecode.c.objc; path = "NSString+NSStringCategory.m"; sourceTree = "<group>"; };
		0F90E53A171CE773008DA545 /* unicode.h */ = {isa = PBXFileReference; lastKnownFileType = sourcecode.c.h; path = unicode.h; sourceTree = "<group>"; };
		0F96E748171BA7B8002BB1E1 /* notesForObjectiveC */ = {isa = PBXFileReference; explicitFileType = "compiled.mach-o.executable"; includeInIndex = 0; path = notesForObjectiveC; sourceTree = BUILT_PRODUCTS_DIR; };
		0F96E74B171BA7B8002BB1E1 /* Foundation.framework */ = {isa = PBXFileReference; lastKnownFileType = wrapper.framework; name = Foundation.framework; path = System/Library/Frameworks/Foundation.framework; sourceTree = SDKROOT; };
		0F96E74E171BA7B8002BB1E1 /* main.m */ = {isa = PBXFileReference; lastKnownFileType = sourcecode.c.objc; path = main.m; sourceTree = "<group>"; };
		0F96E751171BA7B8002BB1E1 /* notesForObjectiveC-Prefix.pch */ = {isa = PBXFileReference; lastKnownFileType = sourcecode.c.h; path = "notesForObjectiveC-Prefix.pch"; sourceTree = "<group>"; };
		0F96E752171BA7B8002BB1E1 /* notesForObjectiveC.1 */ = {isa = PBXFileReference; lastKnownFileType = text.man; path = notesForObjectiveC.1; sourceTree = "<group>"; };
		0F96E75C171BA812002BB1E1 /* ArrayAndDictionary.h */ = {isa = PBXFileReference; lastKnownFileType = sourcecode.c.h; path = ArrayAndDictionary.h; sourceTree = "<group>"; };
		0F96E75D171BAEA7002BB1E1 /* ExCh05.h */ = {isa = PBXFileReference; lastKnownFileType = sourcecode.c.h; path = ExCh05.h; sourceTree = "<group>"; };
		0F96E75E171BDAFD002BB1E1 /* TestClass.h */ = {isa = PBXFileReference; fileEncoding = 4; lastKnownFileType = sourcecode.c.h; path = TestClass.h; sourceTree = "<group>"; };
		0F96E75F171BDAFD002BB1E1 /* TestClass.m */ = {isa = PBXFileReference; fileEncoding = 4; lastKnownFileType = sourcecode.c.objc; path = TestClass.m; sourceTree = "<group>"; };
		0F9A08B6171F9C380046549D /* CodeBlock.h */ = {isa = PBXFileReference; lastKnownFileType = sourcecode.c.h; path = CodeBlock.h; sourceTree = "<group>"; };
		0FA65D8E1724D006006B237F /* NSString_NSStringExtension.h */ = {isa = PBXFileReference; lastKnownFileType = sourcecode.c.h; path = NSString_NSStringExtension.h; sourceTree = "<group>"; };
		0FA65D8F1724D68C006B237F /* myProtocol.h */ = {isa = PBXFileReference; lastKnownFileType = sourcecode.c.h; path = myProtocol.h; sourceTree = "<group>"; };
		0FA65D9017250006006B237F /* Student.h */ = {isa = PBXFileReference; fileEncoding = 4; lastKnownFileType = sourcecode.c.h; path = Student.h; sourceTree = "<group>"; };
		0FA65D9117250006006B237F /* Student.m */ = {isa = PBXFileReference; fileEncoding = 4; lastKnownFileType = sourcecode.c.objc; path = Student.m; sourceTree = "<group>"; };
		0FA65D93172500CF006B237F /* Student_StudentExtension.h */ = {isa = PBXFileReference; lastKnownFileType = sourcecode.c.h; path = Student_StudentExtension.h; sourceTree = "<group>"; };
		0FA65D94172501C9006B237F /* Student+Working.h */ = {isa = PBXFileReference; fileEncoding = 4; lastKnownFileType = sourcecode.c.h; path = "Student+Working.h"; sourceTree = "<group>"; };
		0FA65D95172501C9006B237F /* Student+Working.m */ = {isa = PBXFileReference; fileEncoding = 4; lastKnownFileType = sourcecode.c.objc; path = "Student+Working.m"; sourceTree = "<group>"; };
		0FA65D9717252715006B237F /* Person.h */ = {isa = PBXFileReference; fileEncoding = 4; lastKnownFileType = sourcecode.c.h; path = Person.h; sourceTree = "<group>"; };
		0FA65D9817252716006B237F /* Person.m */ = {isa = PBXFileReference; fileEncoding = 4; lastKnownFileType = sourcecode.c.objc; path = Person.m; sourceTree = "<group>"; };
		0FA65D9A17252809006B237F /* Teacher.h */ = {isa = PBXFileReference; fileEncoding = 4; lastKnownFileType = sourcecode.c.h; path = Teacher.h; sourceTree = "<group>"; };
		0FA65D9B17252809006B237F /* Teacher.m */ = {isa = PBXFileReference; fileEncoding = 4; lastKnownFileType = sourcecode.c.objc; path = Teacher.m; sourceTree = "<group>"; };
		0FA65D9D1725284D006B237F /* PersonProtocol.h */ = {isa = PBXFileReference; fileEncoding = 4; lastKnownFileType = sourcecode.c.h; path = PersonProtocol.h; sourceTree = "<group>"; };
/* End PBXFileReference section */

/* Begin PBXFrameworksBuildPhase section */
		0F96E745171BA7B8002BB1E1 /* Frameworks */ = {
			isa = PBXFrameworksBuildPhase;
			buildActionMask = 2147483647;
			files = (
				0F96E74C171BA7B8002BB1E1 /* Foundation.framework in Frameworks */,
			);
			runOnlyForDeploymentPostprocessing = 0;
		};
/* End PBXFrameworksBuildPhase section */

/* Begin PBXGroup section */
		0F96E73F171BA7B8002BB1E1 = {
			isa = PBXGroup;
			children = (
				0FA65D9A17252809006B237F /* Teacher.h */,
				0FA65D9B17252809006B237F /* Teacher.m */,
				0FA65D93172500CF006B237F /* Student_StudentExtension.h */,
				0FA65D9017250006006B237F /* Student.h */,
				0FA65D9117250006006B237F /* Student.m */,
				0FA65D9717252715006B237F /* Person.h */,
				0FA65D9817252716006B237F /* Person.m */,
				0FA65D9D1725284D006B237F /* PersonProtocol.h */,
				0FA65D94172501C9006B237F /* Student+Working.h */,
				0FA65D95172501C9006B237F /* Student+Working.m */,
				0F9A08B6171F9C380046549D /* CodeBlock.h */,
				0F448C7A171D326100E1CAFA /* RetainTester.h */,
				0F448C7B171D326100E1CAFA /* RetainTester.m */,
				0F96E75D171BAEA7002BB1E1 /* ExCh05.h */,
				0F90E53A171CE773008DA545 /* unicode.h */,
				0F96E75E171BDAFD002BB1E1 /* TestClass.h */,
				0F96E75F171BDAFD002BB1E1 /* TestClass.m */,
				0F96E75C171BA812002BB1E1 /* ArrayAndDictionary.h */,
				0F96E74D171BA7B8002BB1E1 /* notesForObjectiveC */,
				0F96E74A171BA7B8002BB1E1 /* Frameworks */,
				0F96E749171BA7B8002BB1E1 /* Products */,
			);
			sourceTree = "<group>";
		};
		0F96E749171BA7B8002BB1E1 /* Products */ = {
			isa = PBXGroup;
			children = (
				0F96E748171BA7B8002BB1E1 /* notesForObjectiveC */,
			);
			name = Products;
			sourceTree = "<group>";
		};
		0F96E74A171BA7B8002BB1E1 /* Frameworks */ = {
			isa = PBXGroup;
			children = (
				0F96E74B171BA7B8002BB1E1 /* Foundation.framework */,
			);
			name = Frameworks;
			sourceTree = "<group>";
		};
		0F96E74D171BA7B8002BB1E1 /* notesForObjectiveC */ = {
			isa = PBXGroup;
			children = (
				0F96E74E171BA7B8002BB1E1 /* main.m */,
				0FA65D8F1724D68C006B237F /* myProtocol.h */,
				0F8E781B1720F1BC00761C47 /* NSString+NSStringCategory.h */,
				0F8E781C1720F1BC00761C47 /* NSString+NSStringCategory.m */,
				0FA65D8E1724D006006B237F /* NSString_NSStringExtension.h */,
				0F96E752171BA7B8002BB1E1 /* notesForObjectiveC.1 */,
				0F96E750171BA7B8002BB1E1 /* Supporting Files */,
			);
			path = notesForObjectiveC;
			sourceTree = "<group>";
		};
		0F96E750171BA7B8002BB1E1 /* Supporting Files */ = {
			isa = PBXGroup;
			children = (
				0F96E751171BA7B8002BB1E1 /* notesForObjectiveC-Prefix.pch */,
			);
			name = "Supporting Files";
			sourceTree = "<group>";
		};
/* End PBXGroup section */

/* Begin PBXNativeTarget section */
		0F96E747171BA7B8002BB1E1 /* notesForObjectiveC */ = {
			isa = PBXNativeTarget;
			buildConfigurationList = 0F96E756171BA7B8002BB1E1 /* Build configuration list for PBXNativeTarget "notesForObjectiveC" */;
			buildPhases = (
				0F96E744171BA7B8002BB1E1 /* Sources */,
				0F96E745171BA7B8002BB1E1 /* Frameworks */,
				0F96E746171BA7B8002BB1E1 /* CopyFiles */,
			);
			buildRules = (
			);
			dependencies = (
			);
			name = notesForObjectiveC;
			productName = notesForObjectiveC;
			productReference = 0F96E748171BA7B8002BB1E1 /* notesForObjectiveC */;
			productType = "com.apple.product-type.tool";
		};
/* End PBXNativeTarget section */

/* Begin PBXProject section */
		0F96E740171BA7B8002BB1E1 /* Project object */ = {
			isa = PBXProject;
			attributes = {
				LastUpgradeCheck = 0460;
				ORGANIZATIONNAME = zht;
			};
			buildConfigurationList = 0F96E743171BA7B8002BB1E1 /* Build configuration list for PBXProject "notesForObjectiveC" */;
			compatibilityVersion = "Xcode 3.2";
			developmentRegion = English;
			hasScannedForEncodings = 0;
			knownRegions = (
				en,
			);
			mainGroup = 0F96E73F171BA7B8002BB1E1;
			productRefGroup = 0F96E749171BA7B8002BB1E1 /* Products */;
			projectDirPath = "";
			projectRoot = "";
			targets = (
				0F96E747171BA7B8002BB1E1 /* notesForObjectiveC */,
			);
		};
/* End PBXProject section */

/* Begin PBXSourcesBuildPhase section */
		0F96E744171BA7B8002BB1E1 /* Sources */ = {
			isa = PBXSourcesBuildPhase;
			buildActionMask = 2147483647;
			files = (
				0F96E74F171BA7B8002BB1E1 /* main.m in Sources */,
				0F96E760171BDAFD002BB1E1 /* TestClass.m in Sources */,
				0F448C7C171D326100E1CAFA /* RetainTester.m in Sources */,
				0F8E781D1720F1BC00761C47 /* NSString+NSStringCategory.m in Sources */,
				0FA65D9217250006006B237F /* Student.m in Sources */,
				0FA65D96172501C9006B237F /* Student+Working.m in Sources */,
				0FA65D9917252716006B237F /* Person.m in Sources */,
				0FA65D9C17252809006B237F /* Teacher.m in Sources */,
			);
			runOnlyForDeploymentPostprocessing = 0;
		};
/* End PBXSourcesBuildPhase section */

/* Begin XCBuildConfiguration section */
		0F96E754171BA7B8002BB1E1 /* Debug */ = {
			isa = XCBuildConfiguration;
			buildSettings = {
				ALWAYS_SEARCH_USER_PATHS = NO;
				ARCHS = "$(ARCHS_STANDARD_64_BIT)";
				CLANG_CXX_LANGUAGE_STANDARD = "gnu++0x";
				CLANG_CXX_LIBRARY = "libc++";
				CLANG_ENABLE_OBJC_ARC = YES;
				CLANG_WARN_CONSTANT_CONVERSION = YES;
				CLANG_WARN_EMPTY_BODY = YES;
				CLANG_WARN_ENUM_CONVERSION = YES;
				CLANG_WARN_INT_CONVERSION = YES;
				CLANG_WARN__DUPLICATE_METHOD_MATCH = YES;
				COPY_PHASE_STRIP = NO;
				GCC_C_LANGUAGE_STANDARD = gnu99;
				GCC_DYNAMIC_NO_PIC = NO;
				GCC_ENABLE_OBJC_EXCEPTIONS = YES;
				GCC_OPTIMIZATION_LEVEL = 0;
				GCC_PREPROCESSOR_DEFINITIONS = (
					"DEBUG=1",
					"$(inherited)",
				);
				GCC_SYMBOLS_PRIVATE_EXTERN = NO;
				GCC_WARN_64_TO_32_BIT_CONVERSION = YES;
				GCC_WARN_ABOUT_RETURN_TYPE = YES;
				GCC_WARN_UNINITIALIZED_AUTOS = YES;
				GCC_WARN_UNUSED_VARIABLE = YES;
				MACOSX_DEPLOYMENT_TARGET = 10.8;
				ONLY_ACTIVE_ARCH = YES;
				SDKROOT = macosx;
			};
			name = Debug;
		};
		0F96E755171BA7B8002BB1E1 /* Release */ = {
			isa = XCBuildConfiguration;
			buildSettings = {
				ALWAYS_SEARCH_USER_PATHS = NO;
				ARCHS = "$(ARCHS_STANDARD_64_BIT)";
				CLANG_CXX_LANGUAGE_STANDARD = "gnu++0x";
				CLANG_CXX_LIBRARY = "libc++";
				CLANG_ENABLE_OBJC_ARC = YES;
				CLANG_WARN_CONSTANT_CONVERSION = YES;
				CLANG_WARN_EMPTY_BODY = YES;
				CLANG_WARN_ENUM_CONVERSION = YES;
				CLANG_WARN_INT_CONVERSION = YES;
				CLANG_WARN__DUPLICATE_METHOD_MATCH = YES;
				COPY_PHASE_STRIP = YES;
				DEBUG_INFORMATION_FORMAT = "dwarf-with-dsym";
				GCC_C_LANGUAGE_STANDARD = gnu99;
				GCC_ENABLE_OBJC_EXCEPTIONS = YES;
				GCC_WARN_64_TO_32_BIT_CONVERSION = YES;
				GCC_WARN_ABOUT_RETURN_TYPE = YES;
				GCC_WARN_UNINITIALIZED_AUTOS = YES;
				GCC_WARN_UNUSED_VARIABLE = YES;
				MACOSX_DEPLOYMENT_TARGET = 10.8;
				SDKROOT = macosx;
			};
			name = Release;
		};
		0F96E757171BA7B8002BB1E1 /* Debug */ = {
			isa = XCBuildConfiguration;
			buildSettings = {
				GCC_PRECOMPILE_PREFIX_HEADER = YES;
				GCC_PREFIX_HEADER = "notesForObjectiveC/notesForObjectiveC-Prefix.pch";
				PRODUCT_NAME = "$(TARGET_NAME)";
			};
			name = Debug;
		};
		0F96E758171BA7B8002BB1E1 /* Release */ = {
			isa = XCBuildConfiguration;
			buildSettings = {
				GCC_PRECOMPILE_PREFIX_HEADER = YES;
				GCC_PREFIX_HEADER = "notesForObjectiveC/notesForObjectiveC-Prefix.pch";
				PRODUCT_NAME = "$(TARGET_NAME)";
			};
			name = Release;
		};
/* End XCBuildConfiguration section */

/* Begin XCConfigurationList section */
		0F96E743171BA7B8002BB1E1 /* Build configuration list for PBXProject "notesForObjectiveC" */ = {
			isa = XCConfigurationList;
			buildConfigurations = (
				0F96E754171BA7B8002BB1E1 /* Debug */,
				0F96E755171BA7B8002BB1E1 /* Release */,
			);
			defaultConfigurationIsVisible = 0;
			defaultConfigurationName = Release;
		};
		0F96E756171BA7B8002BB1E1 /* Build configuration list for PBXNativeTarget "notesForObjectiveC" */ = {
			isa = XCConfigurationList;
			buildConfigurations = (
				0F96E757171BA7B8002BB1E1 /* Debug */,
				0F96E758171BA7B8002BB1E1 /* Release */,
			);
			defaultConfigurationIsVisible = 0;
			defaultConfigurationName = Release;
		};
/* End XCConfigurationList section */
	};
	rootObject = 0F96E740171BA7B8002BB1E1 /* Project object */;
}
